{
  "name": "paystack-angular-cli",
  "version": "1.0.0",
  "lockfileVersion": 1,
  "requires": true,
  "dependencies": {
    "angular": {
      "version": "1.6.10",
      "resolved": "https://registry.npmjs.org/angular/-/angular-1.6.10.tgz",
      "integrity": "sha512-PCZ5/hVdvPQiYyH0VwsPjrErPHRcITnaXxhksceOXgtJeesKHLA7KDu4X/yvcAi+1zdGgGF+9pDxkJvghXI9Wg=="
    },
    "angular-animate": {
      "version": "1.7.0",
      "resolved": "https://registry.npmjs.org/angular-animate/-/angular-animate-1.7.0.tgz",
      "integrity": "sha512-508uYJLhcX85cKqOlp3stzv1WEnlEtKPGC2J1ljn8sxhwUhENWte2lGI8DJev26Lsk5dHpinBSJC/J0f7jj53w=="
    },
    "angular-aria": {
      "version": "1.7.0",
      "resolved": "https://registry.npmjs.org/angular-aria/-/angular-aria-1.7.0.tgz",
      "integrity": "sha512-Va2FxLqXRfNGHd7BO49PrAPVUKo3k8bIpfNDp+TF+e2W14hfiyb0CxLdg+jgUatzIsg/+dCWnuEhCd062XOQvg=="
    },
    "angular-material": {
      "version": "1.1.9",
      "resolved": "https://registry.npmjs.org/angular-material/-/angular-material-1.1.9.tgz",
      "integrity": "sha512-kxyigi+7823k/31qQ0j6wL5FkCe/mw2bAg1kfEFzIvhUoe5Myr+0YoQyN8D8EGaaOyolXU/VPtxgKSfOCSLEBw=="
    },
    "angular-messages": {
      "version": "1.7.0",
      "resolved": "https://registry.npmjs.org/angular-messages/-/angular-messages-1.7.0.tgz",
      "integrity": "sha512-77NqLV2EQgSirRcb5bUSSbyc1GJexBl5PrbpBlXp6EalAL7N27wgEOcSP59ViIusyjY0kezT7RmO2YGzzA56YQ=="
    },
    "mdi": {
      "version": "2.2.43",
      "resolved": "https://registry.npmjs.org/mdi/-/mdi-2.2.43.tgz",
      "integrity": "sha512-g3m6z4303qieltUM20JL2gdsJZvoVzIzO74qa2XxZ2kg9JPwrPEAgooVhRDHZi1vvRh0gB8Dg+c9XqNdz4jcIg=="
    }
  }
}
